// !$*UTF8*$!
{
	archiveVersion = 1;
	classes = {
	};
	objectVersion = 50;
	objects = {

/* Begin PBXBuildFile section */
		2475E04414C7D72BB0B7F4D6 /* MeCardParser.swift in Sources */ = {isa = PBXBuildFile; fileRef = 2475EC73345CC8BC3BCAD008 /* MeCardParser.swift */; };
		2475E3B6BDF3C909EEFAC686 /* WiFiQRCode+validate.swift in Sources */ = {isa = PBXBuildFile; fileRef = 2475E64C2DA5C7BB6928833E /* WiFiQRCode+validate.swift */; };
		2475E48844C99463A4277FDF /* ParserCombinator.swift in Sources */ = {isa = PBXBuildFile; fileRef = 2475E18442FE447CAA0AE528 /* ParserCombinator.swift */; };
		2475E5CE81082897ED489192 /* MobileConfig.swift in Sources */ = {isa = PBXBuildFile; fileRef = 2475E1A15B8F919BA07BA269 /* MobileConfig.swift */; };
		2475E634FB0F5EF9FFE2DC83 /* MeCardSyntax.swift in Sources */ = {isa = PBXBuildFile; fileRef = 2475ECBEBE19604A7E666DEF /* MeCardSyntax.swift */; };
		2475E6CA13499A49AA243EAB /* WiFiQRCode.swift in Sources */ = {isa = PBXBuildFile; fileRef = 2475E42CA817ED5DC83EC023 /* WiFiQRCode.swift */; };
		2475E73552C276BB6F28DC8A /* WiFiQRCode+EncryptionType.swift in Sources */ = {isa = PBXBuildFile; fileRef = 2475E79647527C073C626C71 /* WiFiQRCode+EncryptionType.swift */; };
		2475E81EAF15FA5E2F70138D /* URLOpener.swift in Sources */ = {isa = PBXBuildFile; fileRef = 2475EDFB71EFC02B0768E64C /* URLOpener.swift */; };
		2475EA25D9291DC473AD9EEF /* MobileConfig+from.swift in Sources */ = {isa = PBXBuildFile; fileRef = 2475E108F954022365749AA5 /* MobileConfig+from.swift */; };
		2475EA6205D9BC38EF8133D1 /* PlistDocument.swift in Sources */ = {isa = PBXBuildFile; fileRef = 2475E4C6359DE2CB30B429E8 /* PlistDocument.swift */; };
		2475EAADC68C1E708E46196C /* PlistSerializable.swift in Sources */ = {isa = PBXBuildFile; fileRef = 2475E2E849952516DB5426E6 /* PlistSerializable.swift */; };
		2475EAC17C2D780D68CF4CEA /* Parser.swift in Sources */ = {isa = PBXBuildFile; fileRef = 2475EF201A9153F9FEB3AA70 /* Parser.swift */; };
		2475EED6957CF2A954F67A04 /* WiFiMobileConfig.swift in Sources */ = {isa = PBXBuildFile; fileRef = 2475E0FA3B231BB1CBBE8ACE /* WiFiMobileConfig.swift */; };
		2475EF61BA98EA5598B1CA32 /* MobileConfig.Installer.swift in Sources */ = {isa = PBXBuildFile; fileRef = 2475E9B1073BC10569221CBC /* MobileConfig.Installer.swift */; };
		5B71FBBC209DDEA0000D274F /* WiFiQRCodeKit.framework in Frameworks */ = {isa = PBXBuildFile; fileRef = 5B71FBB2209DDEA0000D274F /* WiFiQRCodeKit.framework */; };
		5B71FBC1209DDEA0000D274F /* WiFiQRCodeKitTests.swift in Sources */ = {isa = PBXBuildFile; fileRef = 5B71FBC0209DDEA0000D274F /* WiFiQRCodeKitTests.swift */; };
		5B71FBC3209DDEA0000D274F /* WiFiQRCodeKit.h in Headers */ = {isa = PBXBuildFile; fileRef = 5B71FBB5209DDEA0000D274F /* WiFiQRCodeKit.h */; settings = {ATTRIBUTES = (Public, ); }; };
		5B71FBE3209DDF18000D274F /* Formatter.swift in Sources */ = {isa = PBXBuildFile; fileRef = 5B71FBD0209DDF16000D274F /* Formatter.swift */; };
		5B71FBE5209DDF18000D274F /* ValidationResult.swift in Sources */ = {isa = PBXBuildFile; fileRef = 5B71FBD2209DDF16000D274F /* ValidationResult.swift */; };
		5B71FBE9209DDF18000D274F /* Password.swift in Sources */ = {isa = PBXBuildFile; fileRef = 5B71FBD6209DDF17000D274F /* Password.swift */; };
		5B71FBEA209DDF18000D274F /* Password+validate.swift in Sources */ = {isa = PBXBuildFile; fileRef = 5B71FBD7209DDF17000D274F /* Password+validate.swift */; };
		5B71FBEC209DDF18000D274F /* SSID.swift in Sources */ = {isa = PBXBuildFile; fileRef = 5B71FBD9209DDF17000D274F /* SSID.swift */; };
		5B71FBEE209DDF18000D274F /* SSID+validate.swift in Sources */ = {isa = PBXBuildFile; fileRef = 5B71FBDB209DDF18000D274F /* SSID+validate.swift */; };
		5B71FBF7209DDF34000D274F /* ParserTests.swift in Sources */ = {isa = PBXBuildFile; fileRef = 5B71FBF3209DDF34000D274F /* ParserTests.swift */; };
		5B71FBF8209DDF34000D274F /* FormatterTests.swift in Sources */ = {isa = PBXBuildFile; fileRef = 5B71FBF4209DDF34000D274F /* FormatterTests.swift */; };
		62B0050A2313CABB00FB53EA /* DiffableDictionary.swift in Sources */ = {isa = PBXBuildFile; fileRef = 62B004EF2313CAB900FB53EA /* DiffableDictionary.swift */; };
		62B0050B2313CABB00FB53EA /* ComparableDifferentiaUnits.swift in Sources */ = {isa = PBXBuildFile; fileRef = 62B004F02313CABA00FB53EA /* ComparableDifferentiaUnits.swift */; };
		62B0050C2313CABB00FB53EA /* Util.swift in Sources */ = {isa = PBXBuildFile; fileRef = 62B004F12313CABA00FB53EA /* Util.swift */; };
		62B0050D2313CABB00FB53EA /* Diffable+RoughEquatable.swift in Sources */ = {isa = PBXBuildFile; fileRef = 62B004F22313CABA00FB53EA /* Diffable+RoughEquatable.swift */; };
		62B0050E2313CABB00FB53EA /* DifferentiaUnit.swift in Sources */ = {isa = PBXBuildFile; fileRef = 62B004F32313CABA00FB53EA /* DifferentiaUnit.swift */; };
		62B0050F2313CABB00FB53EA /* Transformer.swift in Sources */ = {isa = PBXBuildFile; fileRef = 62B004F42313CABA00FB53EA /* Transformer.swift */; };
		62B005102313CABB00FB53EA /* Diffable+PrettyPrintable.swift in Sources */ = {isa = PBXBuildFile; fileRef = 62B004F52313CABA00FB53EA /* Diffable+PrettyPrintable.swift */; };
		62B005112313CABB00FB53EA /* DiffableSet.swift in Sources */ = {isa = PBXBuildFile; fileRef = 62B004F62313CABA00FB53EA /* DiffableSet.swift */; };
		62B005122313CABB00FB53EA /* Diffable.diff.swift in Sources */ = {isa = PBXBuildFile; fileRef = 62B004F72313CABA00FB53EA /* Diffable.diff.swift */; };
		62B005132313CABB00FB53EA /* DifferentiaUnit.DictionaryType.swift in Sources */ = {isa = PBXBuildFile; fileRef = 62B004F82313CABA00FB53EA /* DifferentiaUnit.DictionaryType.swift */; };
		62B005142313CABB00FB53EA /* TupleRepresentationDetector.swift in Sources */ = {isa = PBXBuildFile; fileRef = 62B004F92313CABA00FB53EA /* TupleRepresentationDetector.swift */; };
		62B005152313CABB00FB53EA /* RoughEquatable.swift in Sources */ = {isa = PBXBuildFile; fileRef = 62B004FA2313CABA00FB53EA /* RoughEquatable.swift */; };
		62B005162313CABB00FB53EA /* Diffable.from.swift in Sources */ = {isa = PBXBuildFile; fileRef = 62B004FB2313CABA00FB53EA /* Diffable.from.swift */; };
		62B005172313CABB00FB53EA /* DifferentiaUnit+PrettyPrintable.swift in Sources */ = {isa = PBXBuildFile; fileRef = 62B004FC2313CABA00FB53EA /* DifferentiaUnit+PrettyPrintable.swift */; };
		62B005182313CABB00FB53EA /* Diffable.swift in Sources */ = {isa = PBXBuildFile; fileRef = 62B004FD2313CABA00FB53EA /* Diffable.swift */; };
		62B005192313CABB00FB53EA /* Diffable.TupleEntry+PrettyPrintable.swift in Sources */ = {isa = PBXBuildFile; fileRef = 62B004FE2313CABA00FB53EA /* Diffable.TupleEntry+PrettyPrintable.swift */; };
		62B0051A2313CABB00FB53EA /* Diffable+CustomStringConvertible.swift in Sources */ = {isa = PBXBuildFile; fileRef = 62B004FF2313CABA00FB53EA /* Diffable+CustomStringConvertible.swift */; };
		62B0051B2313CABB00FB53EA /* HashableType.swift in Sources */ = {isa = PBXBuildFile; fileRef = 62B005002313CABA00FB53EA /* HashableType.swift */; };
		62B0051C2313CABB00FB53EA /* PrettyPrintable.swift in Sources */ = {isa = PBXBuildFile; fileRef = 62B005012313CABA00FB53EA /* PrettyPrintable.swift */; };
		62B0051D2313CABB00FB53EA /* MirrorDiffKit.swift in Sources */ = {isa = PBXBuildFile; fileRef = 62B005022313CABA00FB53EA /* MirrorDiffKit.swift */; };
		62B0051E2313CABB00FB53EA /* EnumCaseName.swift in Sources */ = {isa = PBXBuildFile; fileRef = 62B005032313CABA00FB53EA /* EnumCaseName.swift */; };
		62B0051F2313CABB00FB53EA /* PrettyPrinter.swift in Sources */ = {isa = PBXBuildFile; fileRef = 62B005042313CABB00FB53EA /* PrettyPrinter.swift */; };
		62B005202313CABB00FB53EA /* DifferentiaUnit.SequenceType.swift in Sources */ = {isa = PBXBuildFile; fileRef = 62B005052313CABB00FB53EA /* DifferentiaUnit.SequenceType.swift */; };
		62B005212313CABB00FB53EA /* PrettyLine.swift in Sources */ = {isa = PBXBuildFile; fileRef = 62B005062313CABB00FB53EA /* PrettyLine.swift */; };
		62B005222313CABB00FB53EA /* DiffableConvertible.swift in Sources */ = {isa = PBXBuildFile; fileRef = 62B005072313CABB00FB53EA /* DiffableConvertible.swift */; };
		62B005232313CABB00FB53EA /* DiffableSequence.swift in Sources */ = {isa = PBXBuildFile; fileRef = 62B005082313CABB00FB53EA /* DiffableSequence.swift */; };
		62B005242313CABB00FB53EA /* Dwifft.swift in Sources */ = {isa = PBXBuildFile; fileRef = 62B005092313CABB00FB53EA /* Dwifft.swift */; };
		EA21656022150A41D90D9402 /* MIMEType.swift in Sources */ = {isa = PBXBuildFile; fileRef = EA2167FEC71E32B49145ED38 /* MIMEType.swift */; };
		EA21663C90C84582D81CEECB /* PlistDocumentTests.swift in Sources */ = {isa = PBXBuildFile; fileRef = EA216D9809F105CC9D9CD28D /* PlistDocumentTests.swift */; };
		EA216B7053936B4126DC7CC2 /* MobileConfigTests.swift in Sources */ = {isa = PBXBuildFile; fileRef = EA216E11001E8E569855A001 /* MobileConfigTests.swift */; };
/* End PBXBuildFile section */

/* Begin PBXContainerItemProxy section */
		5B71FBBD209DDEA0000D274F /* PBXContainerItemProxy */ = {
			isa = PBXContainerItemProxy;
			containerPortal = 5B71FBA9209DDEA0000D274F /* Project object */;
			proxyType = 1;
			remoteGlobalIDString = 5B71FBB1209DDEA0000D274F;
			remoteInfo = WiFiQRCodeKit;
		};
/* End PBXContainerItemProxy section */

/* Begin PBXFileReference section */
		2475E0FA3B231BB1CBBE8ACE /* WiFiMobileConfig.swift */ = {isa = PBXFileReference; fileEncoding = 4; lastKnownFileType = sourcecode.swift; path = WiFiMobileConfig.swift; sourceTree = "<group>"; };
		2475E108F954022365749AA5 /* MobileConfig+from.swift */ = {isa = PBXFileReference; fileEncoding = 4; lastKnownFileType = sourcecode.swift; path = "MobileConfig+from.swift"; sourceTree = "<group>"; };
		2475E18442FE447CAA0AE528 /* ParserCombinator.swift */ = {isa = PBXFileReference; fileEncoding = 4; lastKnownFileType = sourcecode.swift; path = ParserCombinator.swift; sourceTree = "<group>"; };
		2475E1A15B8F919BA07BA269 /* MobileConfig.swift */ = {isa = PBXFileReference; fileEncoding = 4; lastKnownFileType = sourcecode.swift; path = MobileConfig.swift; sourceTree = "<group>"; };
		2475E2E849952516DB5426E6 /* PlistSerializable.swift */ = {isa = PBXFileReference; fileEncoding = 4; lastKnownFileType = sourcecode.swift; path = PlistSerializable.swift; sourceTree = "<group>"; };
		2475E42CA817ED5DC83EC023 /* WiFiQRCode.swift */ = {isa = PBXFileReference; fileEncoding = 4; lastKnownFileType = sourcecode.swift; path = WiFiQRCode.swift; sourceTree = "<group>"; };
		2475E4C6359DE2CB30B429E8 /* PlistDocument.swift */ = {isa = PBXFileReference; fileEncoding = 4; lastKnownFileType = sourcecode.swift; path = PlistDocument.swift; sourceTree = "<group>"; };
		2475E64C2DA5C7BB6928833E /* WiFiQRCode+validate.swift */ = {isa = PBXFileReference; fileEncoding = 4; lastKnownFileType = sourcecode.swift; path = "WiFiQRCode+validate.swift"; sourceTree = "<group>"; };
		2475E79647527C073C626C71 /* WiFiQRCode+EncryptionType.swift */ = {isa = PBXFileReference; fileEncoding = 4; lastKnownFileType = sourcecode.swift; path = "WiFiQRCode+EncryptionType.swift"; sourceTree = "<group>"; };
		2475E9B1073BC10569221CBC /* MobileConfig.Installer.swift */ = {isa = PBXFileReference; fileEncoding = 4; lastKnownFileType = sourcecode.swift; path = MobileConfig.Installer.swift; sourceTree = "<group>"; };
		2475EC73345CC8BC3BCAD008 /* MeCardParser.swift */ = {isa = PBXFileReference; fileEncoding = 4; lastKnownFileType = sourcecode.swift; path = MeCardParser.swift; sourceTree = "<group>"; };
		2475ECBEBE19604A7E666DEF /* MeCardSyntax.swift */ = {isa = PBXFileReference; fileEncoding = 4; lastKnownFileType = sourcecode.swift; path = MeCardSyntax.swift; sourceTree = "<group>"; };
		2475EDFB71EFC02B0768E64C /* URLOpener.swift */ = {isa = PBXFileReference; fileEncoding = 4; lastKnownFileType = sourcecode.swift; path = URLOpener.swift; sourceTree = "<group>"; };
		2475EF201A9153F9FEB3AA70 /* Parser.swift */ = {isa = PBXFileReference; fileEncoding = 4; lastKnownFileType = sourcecode.swift; path = Parser.swift; sourceTree = "<group>"; };
		5B71FBB2209DDEA0000D274F /* WiFiQRCodeKit.framework */ = {isa = PBXFileReference; explicitFileType = wrapper.framework; includeInIndex = 0; path = WiFiQRCodeKit.framework; sourceTree = BUILT_PRODUCTS_DIR; };
		5B71FBB5209DDEA0000D274F /* WiFiQRCodeKit.h */ = {isa = PBXFileReference; lastKnownFileType = sourcecode.c.h; path = WiFiQRCodeKit.h; sourceTree = "<group>"; };
		5B71FBB6209DDEA0000D274F /* Info.plist */ = {isa = PBXFileReference; lastKnownFileType = text.plist.xml; path = Info.plist; sourceTree = "<group>"; };
		5B71FBBB209DDEA0000D274F /* WiFiQRCodeKitTests.xctest */ = {isa = PBXFileReference; explicitFileType = wrapper.cfbundle; includeInIndex = 0; path = WiFiQRCodeKitTests.xctest; sourceTree = BUILT_PRODUCTS_DIR; };
		5B71FBC0209DDEA0000D274F /* WiFiQRCodeKitTests.swift */ = {isa = PBXFileReference; lastKnownFileType = sourcecode.swift; path = WiFiQRCodeKitTests.swift; sourceTree = "<group>"; };
		5B71FBC2209DDEA0000D274F /* Info.plist */ = {isa = PBXFileReference; lastKnownFileType = text.plist.xml; path = Info.plist; sourceTree = "<group>"; };
		5B71FBD0209DDF16000D274F /* Formatter.swift */ = {isa = PBXFileReference; fileEncoding = 4; lastKnownFileType = sourcecode.swift; path = Formatter.swift; sourceTree = "<group>"; };
		5B71FBD2209DDF16000D274F /* ValidationResult.swift */ = {isa = PBXFileReference; fileEncoding = 4; lastKnownFileType = sourcecode.swift; path = ValidationResult.swift; sourceTree = "<group>"; };
		5B71FBD6209DDF17000D274F /* Password.swift */ = {isa = PBXFileReference; fileEncoding = 4; lastKnownFileType = sourcecode.swift; path = Password.swift; sourceTree = "<group>"; };
		5B71FBD7209DDF17000D274F /* Password+validate.swift */ = {isa = PBXFileReference; fileEncoding = 4; lastKnownFileType = sourcecode.swift; path = "Password+validate.swift"; sourceTree = "<group>"; };
		5B71FBD9209DDF17000D274F /* SSID.swift */ = {isa = PBXFileReference; fileEncoding = 4; lastKnownFileType = sourcecode.swift; path = SSID.swift; sourceTree = "<group>"; };
		5B71FBDB209DDF18000D274F /* SSID+validate.swift */ = {isa = PBXFileReference; fileEncoding = 4; lastKnownFileType = sourcecode.swift; path = "SSID+validate.swift"; sourceTree = "<group>"; };
		5B71FBF3209DDF34000D274F /* ParserTests.swift */ = {isa = PBXFileReference; fileEncoding = 4; lastKnownFileType = sourcecode.swift; path = ParserTests.swift; sourceTree = "<group>"; };
		5B71FBF4209DDF34000D274F /* FormatterTests.swift */ = {isa = PBXFileReference; fileEncoding = 4; lastKnownFileType = sourcecode.swift; path = FormatterTests.swift; sourceTree = "<group>"; };
		62B004EF2313CAB900FB53EA /* DiffableDictionary.swift */ = {isa = PBXFileReference; fileEncoding = 4; lastKnownFileType = sourcecode.swift; name = DiffableDictionary.swift; path = MirrorDiffKit/DiffableDictionary.swift; sourceTree = "<group>"; };
		62B004F02313CABA00FB53EA /* ComparableDifferentiaUnits.swift */ = {isa = PBXFileReference; fileEncoding = 4; lastKnownFileType = sourcecode.swift; name = ComparableDifferentiaUnits.swift; path = MirrorDiffKit/ComparableDifferentiaUnits.swift; sourceTree = "<group>"; };
		62B004F12313CABA00FB53EA /* Util.swift */ = {isa = PBXFileReference; fileEncoding = 4; lastKnownFileType = sourcecode.swift; name = Util.swift; path = MirrorDiffKit/Util.swift; sourceTree = "<group>"; };
		62B004F22313CABA00FB53EA /* Diffable+RoughEquatable.swift */ = {isa = PBXFileReference; fileEncoding = 4; lastKnownFileType = sourcecode.swift; name = "Diffable+RoughEquatable.swift"; path = "MirrorDiffKit/Diffable+RoughEquatable.swift"; sourceTree = "<group>"; };
		62B004F32313CABA00FB53EA /* DifferentiaUnit.swift */ = {isa = PBXFileReference; fileEncoding = 4; lastKnownFileType = sourcecode.swift; name = DifferentiaUnit.swift; path = MirrorDiffKit/DifferentiaUnit.swift; sourceTree = "<group>"; };
		62B004F42313CABA00FB53EA /* Transformer.swift */ = {isa = PBXFileReference; fileEncoding = 4; lastKnownFileType = sourcecode.swift; name = Transformer.swift; path = MirrorDiffKit/Transformer.swift; sourceTree = "<group>"; };
		62B004F52313CABA00FB53EA /* Diffable+PrettyPrintable.swift */ = {isa = PBXFileReference; fileEncoding = 4; lastKnownFileType = sourcecode.swift; name = "Diffable+PrettyPrintable.swift"; path = "MirrorDiffKit/Diffable+PrettyPrintable.swift"; sourceTree = "<group>"; };
		62B004F62313CABA00FB53EA /* DiffableSet.swift */ = {isa = PBXFileReference; fileEncoding = 4; lastKnownFileType = sourcecode.swift; name = DiffableSet.swift; path = MirrorDiffKit/DiffableSet.swift; sourceTree = "<group>"; };
		62B004F72313CABA00FB53EA /* Diffable.diff.swift */ = {isa = PBXFileReference; fileEncoding = 4; lastKnownFileType = sourcecode.swift; name = Diffable.diff.swift; path = MirrorDiffKit/Diffable.diff.swift; sourceTree = "<group>"; };
		62B004F82313CABA00FB53EA /* DifferentiaUnit.DictionaryType.swift */ = {isa = PBXFileReference; fileEncoding = 4; lastKnownFileType = sourcecode.swift; name = DifferentiaUnit.DictionaryType.swift; path = MirrorDiffKit/DifferentiaUnit.DictionaryType.swift; sourceTree = "<group>"; };
		62B004F92313CABA00FB53EA /* TupleRepresentationDetector.swift */ = {isa = PBXFileReference; fileEncoding = 4; lastKnownFileType = sourcecode.swift; name = TupleRepresentationDetector.swift; path = MirrorDiffKit/TupleRepresentationDetector.swift; sourceTree = "<group>"; };
		62B004FA2313CABA00FB53EA /* RoughEquatable.swift */ = {isa = PBXFileReference; fileEncoding = 4; lastKnownFileType = sourcecode.swift; name = RoughEquatable.swift; path = MirrorDiffKit/RoughEquatable.swift; sourceTree = "<group>"; };
		62B004FB2313CABA00FB53EA /* Diffable.from.swift */ = {isa = PBXFileReference; fileEncoding = 4; lastKnownFileType = sourcecode.swift; name = Diffable.from.swift; path = MirrorDiffKit/Diffable.from.swift; sourceTree = "<group>"; };
		62B004FC2313CABA00FB53EA /* DifferentiaUnit+PrettyPrintable.swift */ = {isa = PBXFileReference; fileEncoding = 4; lastKnownFileType = sourcecode.swift; name = "DifferentiaUnit+PrettyPrintable.swift"; path = "MirrorDiffKit/DifferentiaUnit+PrettyPrintable.swift"; sourceTree = "<group>"; };
		62B004FD2313CABA00FB53EA /* Diffable.swift */ = {isa = PBXFileReference; fileEncoding = 4; lastKnownFileType = sourcecode.swift; name = Diffable.swift; path = MirrorDiffKit/Diffable.swift; sourceTree = "<group>"; };
		62B004FE2313CABA00FB53EA /* Diffable.TupleEntry+PrettyPrintable.swift */ = {isa = PBXFileReference; fileEncoding = 4; lastKnownFileType = sourcecode.swift; name = "Diffable.TupleEntry+PrettyPrintable.swift"; path = "MirrorDiffKit/Diffable.TupleEntry+PrettyPrintable.swift"; sourceTree = "<group>"; };
		62B004FF2313CABA00FB53EA /* Diffable+CustomStringConvertible.swift */ = {isa = PBXFileReference; fileEncoding = 4; lastKnownFileType = sourcecode.swift; name = "Diffable+CustomStringConvertible.swift"; path = "MirrorDiffKit/Diffable+CustomStringConvertible.swift"; sourceTree = "<group>"; };
		62B005002313CABA00FB53EA /* HashableType.swift */ = {isa = PBXFileReference; fileEncoding = 4; lastKnownFileType = sourcecode.swift; name = HashableType.swift; path = MirrorDiffKit/HashableType.swift; sourceTree = "<group>"; };
		62B005012313CABA00FB53EA /* PrettyPrintable.swift */ = {isa = PBXFileReference; fileEncoding = 4; lastKnownFileType = sourcecode.swift; name = PrettyPrintable.swift; path = MirrorDiffKit/PrettyPrintable.swift; sourceTree = "<group>"; };
		62B005022313CABA00FB53EA /* MirrorDiffKit.swift */ = {isa = PBXFileReference; fileEncoding = 4; lastKnownFileType = sourcecode.swift; name = MirrorDiffKit.swift; path = MirrorDiffKit/MirrorDiffKit.swift; sourceTree = "<group>"; };
		62B005032313CABA00FB53EA /* EnumCaseName.swift */ = {isa = PBXFileReference; fileEncoding = 4; lastKnownFileType = sourcecode.swift; name = EnumCaseName.swift; path = MirrorDiffKit/EnumCaseName.swift; sourceTree = "<group>"; };
		62B005042313CABB00FB53EA /* PrettyPrinter.swift */ = {isa = PBXFileReference; fileEncoding = 4; lastKnownFileType = sourcecode.swift; name = PrettyPrinter.swift; path = MirrorDiffKit/PrettyPrinter.swift; sourceTree = "<group>"; };
		62B005052313CABB00FB53EA /* DifferentiaUnit.SequenceType.swift */ = {isa = PBXFileReference; fileEncoding = 4; lastKnownFileType = sourcecode.swift; name = DifferentiaUnit.SequenceType.swift; path = MirrorDiffKit/DifferentiaUnit.SequenceType.swift; sourceTree = "<group>"; };
		62B005062313CABB00FB53EA /* PrettyLine.swift */ = {isa = PBXFileReference; fileEncoding = 4; lastKnownFileType = sourcecode.swift; name = PrettyLine.swift; path = MirrorDiffKit/PrettyLine.swift; sourceTree = "<group>"; };
		62B005072313CABB00FB53EA /* DiffableConvertible.swift */ = {isa = PBXFileReference; fileEncoding = 4; lastKnownFileType = sourcecode.swift; name = DiffableConvertible.swift; path = MirrorDiffKit/DiffableConvertible.swift; sourceTree = "<group>"; };
		62B005082313CABB00FB53EA /* DiffableSequence.swift */ = {isa = PBXFileReference; fileEncoding = 4; lastKnownFileType = sourcecode.swift; name = DiffableSequence.swift; path = MirrorDiffKit/DiffableSequence.swift; sourceTree = "<group>"; };
		62B005092313CABB00FB53EA /* Dwifft.swift */ = {isa = PBXFileReference; fileEncoding = 4; lastKnownFileType = sourcecode.swift; name = Dwifft.swift; path = MirrorDiffKit/Dwifft.swift; sourceTree = "<group>"; };
		EA2167FEC71E32B49145ED38 /* MIMEType.swift */ = {isa = PBXFileReference; fileEncoding = 4; lastKnownFileType = sourcecode.swift; path = MIMEType.swift; sourceTree = "<group>"; };
		EA216D9809F105CC9D9CD28D /* PlistDocumentTests.swift */ = {isa = PBXFileReference; fileEncoding = 4; lastKnownFileType = sourcecode.swift; path = PlistDocumentTests.swift; sourceTree = "<group>"; };
		EA216E11001E8E569855A001 /* MobileConfigTests.swift */ = {isa = PBXFileReference; fileEncoding = 4; lastKnownFileType = sourcecode.swift; path = MobileConfigTests.swift; sourceTree = "<group>"; };
/* End PBXFileReference section */

/* Begin PBXFrameworksBuildPhase section */
		5B71FBAE209DDEA0000D274F /* Frameworks */ = {
			isa = PBXFrameworksBuildPhase;
			buildActionMask = 2147483647;
			files = (
			);
			runOnlyForDeploymentPostprocessing = 0;
		};
		5B71FBB8209DDEA0000D274F /* Frameworks */ = {
			isa = PBXFrameworksBuildPhase;
			buildActionMask = 2147483647;
			files = (
				5B71FBBC209DDEA0000D274F /* WiFiQRCodeKit.framework in Frameworks */,
			);
			runOnlyForDeploymentPostprocessing = 0;
		};
/* End PBXFrameworksBuildPhase section */

/* Begin PBXGroup section */
		2475E35BA3C0E7B1EC6340C7 /* WiFiQRCode */ = {
			isa = PBXGroup;
			children = (
				2475EC73345CC8BC3BCAD008 /* MeCardParser.swift */,
				2475ECBEBE19604A7E666DEF /* MeCardSyntax.swift */,
				2475EF201A9153F9FEB3AA70 /* Parser.swift */,
				2475E18442FE447CAA0AE528 /* ParserCombinator.swift */,
				2475E79647527C073C626C71 /* WiFiQRCode+EncryptionType.swift */,
				2475E64C2DA5C7BB6928833E /* WiFiQRCode+validate.swift */,
				2475E42CA817ED5DC83EC023 /* WiFiQRCode.swift */,
			);
			path = WiFiQRCode;
			sourceTree = "<group>";
		};
		2475E4999AC4805780968C18 /* Installer */ = {
			isa = PBXGroup;
			children = (
				2475E9B1073BC10569221CBC /* MobileConfig.Installer.swift */,
				2475EDFB71EFC02B0768E64C /* URLOpener.swift */,
			);
			path = Installer;
			sourceTree = "<group>";
		};
		2475E5429B5A5F1DF8CDBE4B /* MobileConfig */ = {
			isa = PBXGroup;
			children = (
				2475E4999AC4805780968C18 /* Installer */,
				2475E108F954022365749AA5 /* MobileConfig+from.swift */,
				2475E1A15B8F919BA07BA269 /* MobileConfig.swift */,
				2475E4C6359DE2CB30B429E8 /* PlistDocument.swift */,
				2475E2E849952516DB5426E6 /* PlistSerializable.swift */,
				2475E0FA3B231BB1CBBE8ACE /* WiFiMobileConfig.swift */,
			);
			path = MobileConfig;
			sourceTree = "<group>";
		};
		5B71FBA8209DDEA0000D274F = {
			isa = PBXGroup;
			children = (
				5B71FBB3209DDEA0000D274F /* Products */,
				5B71FBB4209DDEA0000D274F /* WiFiQRCodeKit */,
				5B71FBBF209DDEA0000D274F /* WiFiQRCodeKitTests */,
			);
			sourceTree = "<group>";
		};
		5B71FBB3209DDEA0000D274F /* Products */ = {
			isa = PBXGroup;
			children = (
				5B71FBB2209DDEA0000D274F /* WiFiQRCodeKit.framework */,
				5B71FBBB209DDEA0000D274F /* WiFiQRCodeKitTests.xctest */,
			);
			name = Products;
			sourceTree = "<group>";
		};
		5B71FBB4209DDEA0000D274F /* WiFiQRCodeKit */ = {
			isa = PBXGroup;
			children = (
				2475E5429B5A5F1DF8CDBE4B /* MobileConfig */,
				2475E35BA3C0E7B1EC6340C7 /* WiFiQRCode */,
				5B71FBD0209DDF16000D274F /* Formatter.swift */,
				5B71FBB6209DDEA0000D274F /* Info.plist */,
				EA2167FEC71E32B49145ED38 /* MIMEType.swift */,
				5B71FBD7209DDF17000D274F /* Password+validate.swift */,
				5B71FBD6209DDF17000D274F /* Password.swift */,
				5B71FBDB209DDF18000D274F /* SSID+validate.swift */,
				5B71FBD9209DDF17000D274F /* SSID.swift */,
				5B71FBD2209DDF16000D274F /* ValidationResult.swift */,
				5B71FBB5209DDEA0000D274F /* WiFiQRCodeKit.h */,
			);
			path = WiFiQRCodeKit;
			sourceTree = "<group>";
		};
		5B71FBBF209DDEA0000D274F /* WiFiQRCodeKitTests */ = {
			isa = PBXGroup;
			children = (
				62B004EE2313CAAA00FB53EA /* MirrorDiffKit */,
				5B71FBF4209DDF34000D274F /* FormatterTests.swift */,
				5B71FBC2209DDEA0000D274F /* Info.plist */,
				EA216E11001E8E569855A001 /* MobileConfigTests.swift */,
				5B71FBF3209DDF34000D274F /* ParserTests.swift */,
				EA216D9809F105CC9D9CD28D /* PlistDocumentTests.swift */,
				5B71FBC0209DDEA0000D274F /* WiFiQRCodeKitTests.swift */,
			);
			path = WiFiQRCodeKitTests;
			sourceTree = "<group>";
		};
		62B004EE2313CAAA00FB53EA /* MirrorDiffKit */ = {
			isa = PBXGroup;
			children = (
				62B004F02313CABA00FB53EA /* ComparableDifferentiaUnits.swift */,
				62B004F72313CABA00FB53EA /* Diffable.diff.swift */,
				62B004FB2313CABA00FB53EA /* Diffable.from.swift */,
				62B004FD2313CABA00FB53EA /* Diffable.swift */,
				62B004FE2313CABA00FB53EA /* Diffable.TupleEntry+PrettyPrintable.swift */,
				62B004FF2313CABA00FB53EA /* Diffable+CustomStringConvertible.swift */,
				62B004F52313CABA00FB53EA /* Diffable+PrettyPrintable.swift */,
				62B004F22313CABA00FB53EA /* Diffable+RoughEquatable.swift */,
				62B005072313CABB00FB53EA /* DiffableConvertible.swift */,
				62B004EF2313CAB900FB53EA /* DiffableDictionary.swift */,
				62B005082313CABB00FB53EA /* DiffableSequence.swift */,
				62B004F62313CABA00FB53EA /* DiffableSet.swift */,
				62B004F82313CABA00FB53EA /* DifferentiaUnit.DictionaryType.swift */,
				62B005052313CABB00FB53EA /* DifferentiaUnit.SequenceType.swift */,
				62B004F32313CABA00FB53EA /* DifferentiaUnit.swift */,
				62B004FC2313CABA00FB53EA /* DifferentiaUnit+PrettyPrintable.swift */,
				62B005092313CABB00FB53EA /* Dwifft.swift */,
				62B005032313CABA00FB53EA /* EnumCaseName.swift */,
				62B005002313CABA00FB53EA /* HashableType.swift */,
				62B005022313CABA00FB53EA /* MirrorDiffKit.swift */,
				62B005062313CABB00FB53EA /* PrettyLine.swift */,
				62B005012313CABA00FB53EA /* PrettyPrintable.swift */,
				62B005042313CABB00FB53EA /* PrettyPrinter.swift */,
				62B004FA2313CABA00FB53EA /* RoughEquatable.swift */,
				62B004F42313CABA00FB53EA /* Transformer.swift */,
				62B004F92313CABA00FB53EA /* TupleRepresentationDetector.swift */,
				62B004F12313CABA00FB53EA /* Util.swift */,
			);
			name = MirrorDiffKit;
			sourceTree = "<group>";
		};
/* End PBXGroup section */

/* Begin PBXHeadersBuildPhase section */
		5B71FBAF209DDEA0000D274F /* Headers */ = {
			isa = PBXHeadersBuildPhase;
			buildActionMask = 2147483647;
			files = (
				5B71FBC3209DDEA0000D274F /* WiFiQRCodeKit.h in Headers */,
			);
			runOnlyForDeploymentPostprocessing = 0;
		};
/* End PBXHeadersBuildPhase section */

/* Begin PBXNativeTarget section */
		5B71FBB1209DDEA0000D274F /* WiFiQRCodeKit */ = {
			isa = PBXNativeTarget;
			buildConfigurationList = 5B71FBC6209DDEA0000D274F /* Build configuration list for PBXNativeTarget "WiFiQRCodeKit" */;
			buildPhases = (
				5B71FBAD209DDEA0000D274F /* Sources */,
				5B71FBAE209DDEA0000D274F /* Frameworks */,
				5B71FBAF209DDEA0000D274F /* Headers */,
				5B71FBB0209DDEA0000D274F /* Resources */,
			);
			buildRules = (
			);
			dependencies = (
			);
			name = WiFiQRCodeKit;
			productName = WiFiQRCodeKit;
			productReference = 5B71FBB2209DDEA0000D274F /* WiFiQRCodeKit.framework */;
			productType = "com.apple.product-type.framework";
		};
		5B71FBBA209DDEA0000D274F /* WiFiQRCodeKitTests */ = {
			isa = PBXNativeTarget;
			buildConfigurationList = 5B71FBC9209DDEA0000D274F /* Build configuration list for PBXNativeTarget "WiFiQRCodeKitTests" */;
			buildPhases = (
				5B71FBB7209DDEA0000D274F /* Sources */,
				5B71FBB8209DDEA0000D274F /* Frameworks */,
				5B71FBB9209DDEA0000D274F /* Resources */,
			);
			buildRules = (
			);
			dependencies = (
				5B71FBBE209DDEA0000D274F /* PBXTargetDependency */,
			);
			name = WiFiQRCodeKitTests;
			productName = WiFiQRCodeKitTests;
			productReference = 5B71FBBB209DDEA0000D274F /* WiFiQRCodeKitTests.xctest */;
			productType = "com.apple.product-type.bundle.unit-test";
		};
/* End PBXNativeTarget section */

/* Begin PBXProject section */
		5B71FBA9209DDEA0000D274F /* Project object */ = {
			isa = PBXProject;
			attributes = {
				LastSwiftUpdateCheck = 0930;
				LastUpgradeCheck = 0930;
				ORGANIZATIONNAME = Kuniwak;
				TargetAttributes = {
					5B71FBB1209DDEA0000D274F = {
						CreatedOnToolsVersion = 9.3;
						LastSwiftMigration = 1020;
					};
					5B71FBBA209DDEA0000D274F = {
						CreatedOnToolsVersion = 9.3;
						LastSwiftMigration = 1020;
					};
				};
			};
			buildConfigurationList = 5B71FBAC209DDEA0000D274F /* Build configuration list for PBXProject "WiFiQRCodeKit" */;
			compatibilityVersion = "Xcode 9.3";
			developmentRegion = en;
			hasScannedForEncodings = 0;
			knownRegions = (
				en,
				Base,
			);
			mainGroup = 5B71FBA8209DDEA0000D274F;
			productRefGroup = 5B71FBB3209DDEA0000D274F /* Products */;
			projectDirPath = "";
			projectRoot = "";
			targets = (
				5B71FBB1209DDEA0000D274F /* WiFiQRCodeKit */,
				5B71FBBA209DDEA0000D274F /* WiFiQRCodeKitTests */,
			);
		};
/* End PBXProject section */

/* Begin PBXResourcesBuildPhase section */
		5B71FBB0209DDEA0000D274F /* Resources */ = {
			isa = PBXResourcesBuildPhase;
			buildActionMask = 2147483647;
			files = (
			);
			runOnlyForDeploymentPostprocessing = 0;
		};
		5B71FBB9209DDEA0000D274F /* Resources */ = {
			isa = PBXResourcesBuildPhase;
			buildActionMask = 2147483647;
			files = (
			);
			runOnlyForDeploymentPostprocessing = 0;
		};
/* End PBXResourcesBuildPhase section */

/* Begin PBXSourcesBuildPhase section */
		5B71FBAD209DDEA0000D274F /* Sources */ = {
			isa = PBXSourcesBuildPhase;
			buildActionMask = 2147483647;
			files = (
				5B71FBE9209DDF18000D274F /* Password.swift in Sources */,
				5B71FBEE209DDF18000D274F /* SSID+validate.swift in Sources */,
				5B71FBE3209DDF18000D274F /* Formatter.swift in Sources */,
				5B71FBE5209DDF18000D274F /* ValidationResult.swift in Sources */,
				5B71FBEA209DDF18000D274F /* Password+validate.swift in Sources */,
				5B71FBEC209DDF18000D274F /* SSID.swift in Sources */,
				EA21656022150A41D90D9402 /* MIMEType.swift in Sources */,
				2475E5CE81082897ED489192 /* MobileConfig.swift in Sources */,
				2475EED6957CF2A954F67A04 /* WiFiMobileConfig.swift in Sources */,
				2475EAADC68C1E708E46196C /* PlistSerializable.swift in Sources */,
				2475EA25D9291DC473AD9EEF /* MobileConfig+from.swift in Sources */,
				2475EA6205D9BC38EF8133D1 /* PlistDocument.swift in Sources */,
				2475E73552C276BB6F28DC8A /* WiFiQRCode+EncryptionType.swift in Sources */,
				2475E3B6BDF3C909EEFAC686 /* WiFiQRCode+validate.swift in Sources */,
				2475E6CA13499A49AA243EAB /* WiFiQRCode.swift in Sources */,
				2475EAC17C2D780D68CF4CEA /* Parser.swift in Sources */,
				2475E48844C99463A4277FDF /* ParserCombinator.swift in Sources */,
				2475E04414C7D72BB0B7F4D6 /* MeCardParser.swift in Sources */,
				2475E634FB0F5EF9FFE2DC83 /* MeCardSyntax.swift in Sources */,
				2475EF61BA98EA5598B1CA32 /* MobileConfig.Installer.swift in Sources */,
				2475E81EAF15FA5E2F70138D /* URLOpener.swift in Sources */,
			);
			runOnlyForDeploymentPostprocessing = 0;
		};
		5B71FBB7209DDEA0000D274F /* Sources */ = {
			isa = PBXSourcesBuildPhase;
			buildActionMask = 2147483647;
			files = (
				62B0051F2313CABB00FB53EA /* PrettyPrinter.swift in Sources */,
				62B005122313CABB00FB53EA /* Diffable.diff.swift in Sources */,
				62B0051E2313CABB00FB53EA /* EnumCaseName.swift in Sources */,
				62B005132313CABB00FB53EA /* DifferentiaUnit.DictionaryType.swift in Sources */,
				62B0050F2313CABB00FB53EA /* Transformer.swift in Sources */,
				62B005232313CABB00FB53EA /* DiffableSequence.swift in Sources */,
				5B71FBC1209DDEA0000D274F /* WiFiQRCodeKitTests.swift in Sources */,
				62B0050B2313CABB00FB53EA /* ComparableDifferentiaUnits.swift in Sources */,
				5B71FBF8209DDF34000D274F /* FormatterTests.swift in Sources */,
				62B0051D2313CABB00FB53EA /* MirrorDiffKit.swift in Sources */,
				62B0051B2313CABB00FB53EA /* HashableType.swift in Sources */,
				62B005242313CABB00FB53EA /* Dwifft.swift in Sources */,
				62B0050C2313CABB00FB53EA /* Util.swift in Sources */,
				62B005212313CABB00FB53EA /* PrettyLine.swift in Sources */,
				62B005172313CABB00FB53EA /* DifferentiaUnit+PrettyPrintable.swift in Sources */,
				62B0051C2313CABB00FB53EA /* PrettyPrintable.swift in Sources */,
				62B0051A2313CABB00FB53EA /* Diffable+CustomStringConvertible.swift in Sources */,
				62B005192313CABB00FB53EA /* Diffable.TupleEntry+PrettyPrintable.swift in Sources */,
				62B0050D2313CABB00FB53EA /* Diffable+RoughEquatable.swift in Sources */,
				62B005102313CABB00FB53EA /* Diffable+PrettyPrintable.swift in Sources */,
				62B005182313CABB00FB53EA /* Diffable.swift in Sources */,
				62B005162313CABB00FB53EA /* Diffable.from.swift in Sources */,
				62B005202313CABB00FB53EA /* DifferentiaUnit.SequenceType.swift in Sources */,
				62B005142313CABB00FB53EA /* TupleRepresentationDetector.swift in Sources */,
				62B005222313CABB00FB53EA /* DiffableConvertible.swift in Sources */,
				5B71FBF7209DDF34000D274F /* ParserTests.swift in Sources */,
				EA21663C90C84582D81CEECB /* PlistDocumentTests.swift in Sources */,
				62B005112313CABB00FB53EA /* DiffableSet.swift in Sources */,
				62B0050E2313CABB00FB53EA /* DifferentiaUnit.swift in Sources */,
				62B005152313CABB00FB53EA /* RoughEquatable.swift in Sources */,
				62B0050A2313CABB00FB53EA /* DiffableDictionary.swift in Sources */,
				EA216B7053936B4126DC7CC2 /* MobileConfigTests.swift in Sources */,
			);
			runOnlyForDeploymentPostprocessing = 0;
		};
/* End PBXSourcesBuildPhase section */

/* Begin PBXTargetDependency section */
		5B71FBBE209DDEA0000D274F /* PBXTargetDependency */ = {
			isa = PBXTargetDependency;
			target = 5B71FBB1209DDEA0000D274F /* WiFiQRCodeKit */;
			targetProxy = 5B71FBBD209DDEA0000D274F /* PBXContainerItemProxy */;
		};
/* End PBXTargetDependency section */

/* Begin XCBuildConfiguration section */
		5B71FBC4209DDEA0000D274F /* Debug */ = {
			isa = XCBuildConfiguration;
			buildSettings = {
				ALWAYS_SEARCH_USER_PATHS = NO;
				CLANG_ANALYZER_NONNULL = YES;
				CLANG_ANALYZER_NUMBER_OBJECT_CONVERSION = YES_AGGRESSIVE;
				CLANG_CXX_LANGUAGE_STANDARD = "gnu++14";
				CLANG_CXX_LIBRARY = "libc++";
				CLANG_ENABLE_MODULES = YES;
				CLANG_ENABLE_OBJC_ARC = YES;
				CLANG_ENABLE_OBJC_WEAK = YES;
				CLANG_WARN_BLOCK_CAPTURE_AUTORELEASING = YES;
				CLANG_WARN_BOOL_CONVERSION = YES;
				CLANG_WARN_COMMA = YES;
				CLANG_WARN_CONSTANT_CONVERSION = YES;
				CLANG_WARN_DEPRECATED_OBJC_IMPLEMENTATIONS = YES;
				CLANG_WARN_DIRECT_OBJC_ISA_USAGE = YES_ERROR;
				CLANG_WARN_DOCUMENTATION_COMMENTS = YES;
				CLANG_WARN_EMPTY_BODY = YES;
				CLANG_WARN_ENUM_CONVERSION = YES;
				CLANG_WARN_INFINITE_RECURSION = YES;
				CLANG_WARN_INT_CONVERSION = YES;
				CLANG_WARN_NON_LITERAL_NULL_CONVERSION = YES;
				CLANG_WARN_OBJC_IMPLICIT_RETAIN_SELF = YES;
				CLANG_WARN_OBJC_LITERAL_CONVERSION = YES;
				CLANG_WARN_OBJC_ROOT_CLASS = YES_ERROR;
				CLANG_WARN_RANGE_LOOP_ANALYSIS = YES;
				CLANG_WARN_STRICT_PROTOTYPES = YES;
				CLANG_WARN_SUSPICIOUS_MOVE = YES;
				CLANG_WARN_UNGUARDED_AVAILABILITY = YES_AGGRESSIVE;
				CLANG_WARN_UNREACHABLE_CODE = YES;
				CLANG_WARN__DUPLICATE_METHOD_MATCH = YES;
				CODE_SIGN_IDENTITY = "iPhone Developer";
				COPY_PHASE_STRIP = NO;
				CURRENT_PROJECT_VERSION = 1;
				DEBUG_INFORMATION_FORMAT = dwarf;
				ENABLE_STRICT_OBJC_MSGSEND = YES;
				ENABLE_TESTABILITY = YES;
				GCC_C_LANGUAGE_STANDARD = gnu11;
				GCC_DYNAMIC_NO_PIC = NO;
				GCC_NO_COMMON_BLOCKS = YES;
				GCC_OPTIMIZATION_LEVEL = 0;
				GCC_PREPROCESSOR_DEFINITIONS = (
					"DEBUG=1",
					"$(inherited)",
				);
				GCC_WARN_64_TO_32_BIT_CONVERSION = YES;
				GCC_WARN_ABOUT_RETURN_TYPE = YES_ERROR;
				GCC_WARN_UNDECLARED_SELECTOR = YES;
				GCC_WARN_UNINITIALIZED_AUTOS = YES_AGGRESSIVE;
				GCC_WARN_UNUSED_FUNCTION = YES;
				GCC_WARN_UNUSED_VARIABLE = YES;
				IPHONEOS_DEPLOYMENT_TARGET = 11.3;
				MTL_ENABLE_DEBUG_INFO = YES;
				ONLY_ACTIVE_ARCH = YES;
				SDKROOT = iphoneos;
				SWIFT_ACTIVE_COMPILATION_CONDITIONS = DEBUG;
				SWIFT_OPTIMIZATION_LEVEL = "-Onone";
				VERSIONING_SYSTEM = "apple-generic";
				VERSION_INFO_PREFIX = "";
			};
			name = Debug;
		};
		5B71FBC5209DDEA0000D274F /* Release */ = {
			isa = XCBuildConfiguration;
			buildSettings = {
				ALWAYS_SEARCH_USER_PATHS = NO;
				CLANG_ANALYZER_NONNULL = YES;
				CLANG_ANALYZER_NUMBER_OBJECT_CONVERSION = YES_AGGRESSIVE;
				CLANG_CXX_LANGUAGE_STANDARD = "gnu++14";
				CLANG_CXX_LIBRARY = "libc++";
				CLANG_ENABLE_MODULES = YES;
				CLANG_ENABLE_OBJC_ARC = YES;
				CLANG_ENABLE_OBJC_WEAK = YES;
				CLANG_WARN_BLOCK_CAPTURE_AUTORELEASING = YES;
				CLANG_WARN_BOOL_CONVERSION = YES;
				CLANG_WARN_COMMA = YES;
				CLANG_WARN_CONSTANT_CONVERSION = YES;
				CLANG_WARN_DEPRECATED_OBJC_IMPLEMENTATIONS = YES;
				CLANG_WARN_DIRECT_OBJC_ISA_USAGE = YES_ERROR;
				CLANG_WARN_DOCUMENTATION_COMMENTS = YES;
				CLANG_WARN_EMPTY_BODY = YES;
				CLANG_WARN_ENUM_CONVERSION = YES;
				CLANG_WARN_INFINITE_RECURSION = YES;
				CLANG_WARN_INT_CONVERSION = YES;
				CLANG_WARN_NON_LITERAL_NULL_CONVERSION = YES;
				CLANG_WARN_OBJC_IMPLICIT_RETAIN_SELF = YES;
				CLANG_WARN_OBJC_LITERAL_CONVERSION = YES;
				CLANG_WARN_OBJC_ROOT_CLASS = YES_ERROR;
				CLANG_WARN_RANGE_LOOP_ANALYSIS = YES;
				CLANG_WARN_STRICT_PROTOTYPES = YES;
				CLANG_WARN_SUSPICIOUS_MOVE = YES;
				CLANG_WARN_UNGUARDED_AVAILABILITY = YES_AGGRESSIVE;
				CLANG_WARN_UNREACHABLE_CODE = YES;
				CLANG_WARN__DUPLICATE_METHOD_MATCH = YES;
				CODE_SIGN_IDENTITY = "iPhone Developer";
				COPY_PHASE_STRIP = NO;
				CURRENT_PROJECT_VERSION = 1;
				DEBUG_INFORMATION_FORMAT = "dwarf-with-dsym";
				ENABLE_NS_ASSERTIONS = NO;
				ENABLE_STRICT_OBJC_MSGSEND = YES;
				GCC_C_LANGUAGE_STANDARD = gnu11;
				GCC_NO_COMMON_BLOCKS = YES;
				GCC_WARN_64_TO_32_BIT_CONVERSION = YES;
				GCC_WARN_ABOUT_RETURN_TYPE = YES_ERROR;
				GCC_WARN_UNDECLARED_SELECTOR = YES;
				GCC_WARN_UNINITIALIZED_AUTOS = YES_AGGRESSIVE;
				GCC_WARN_UNUSED_FUNCTION = YES;
				GCC_WARN_UNUSED_VARIABLE = YES;
				IPHONEOS_DEPLOYMENT_TARGET = 11.3;
				MTL_ENABLE_DEBUG_INFO = NO;
				SDKROOT = iphoneos;
				SWIFT_COMPILATION_MODE = wholemodule;
				SWIFT_OPTIMIZATION_LEVEL = "-O";
				VALIDATE_PRODUCT = YES;
				VERSIONING_SYSTEM = "apple-generic";
				VERSION_INFO_PREFIX = "";
			};
			name = Release;
		};
		5B71FBC7209DDEA0000D274F /* Debug */ = {
			isa = XCBuildConfiguration;
			buildSettings = {
				CLANG_ENABLE_MODULES = YES;
				CODE_SIGN_IDENTITY = "";
				CODE_SIGN_STYLE = Automatic;
				DEFINES_MODULE = YES;
				DYLIB_COMPATIBILITY_VERSION = 1;
				DYLIB_CURRENT_VERSION = 1;
				DYLIB_INSTALL_NAME_BASE = "@rpath";
				INFOPLIST_FILE = WiFiQRCodeKit/Info.plist;
				INSTALL_PATH = "$(LOCAL_LIBRARY_DIR)/Frameworks";
				IPHONEOS_DEPLOYMENT_TARGET = 8.0;
				LD_RUNPATH_SEARCH_PATHS = (
					"$(inherited)",
					"@executable_path/Frameworks",
					"@loader_path/Frameworks",
				);
				PRODUCT_BUNDLE_IDENTIFIER = com.kuniwak.WiFiQRCodeKit;
				PRODUCT_NAME = "$(TARGET_NAME:c99extidentifier)";
				SKIP_INSTALL = YES;
				SWIFT_OPTIMIZATION_LEVEL = "-Onone";
				SWIFT_VERSION = 5.0;
				TARGETED_DEVICE_FAMILY = "1,2";
			};
			name = Debug;
		};
		5B71FBC8209DDEA0000D274F /* Release */ = {
			isa = XCBuildConfiguration;
			buildSettings = {
				CLANG_ENABLE_MODULES = YES;
				CODE_SIGN_IDENTITY = "";
				CODE_SIGN_STYLE = Automatic;
				DEFINES_MODULE = YES;
				DYLIB_COMPATIBILITY_VERSION = 1;
				DYLIB_CURRENT_VERSION = 1;
				DYLIB_INSTALL_NAME_BASE = "@rpath";
				INFOPLIST_FILE = WiFiQRCodeKit/Info.plist;
				INSTALL_PATH = "$(LOCAL_LIBRARY_DIR)/Frameworks";
				IPHONEOS_DEPLOYMENT_TARGET = 8.0;
				LD_RUNPATH_SEARCH_PATHS = (
					"$(inherited)",
					"@executable_path/Frameworks",
					"@loader_path/Frameworks",
				);
				PRODUCT_BUNDLE_IDENTIFIER = com.kuniwak.WiFiQRCodeKit;
				PRODUCT_NAME = "$(TARGET_NAME:c99extidentifier)";
				SKIP_INSTALL = YES;
				SWIFT_VERSION = 5.0;
				TARGETED_DEVICE_FAMILY = "1,2";
			};
			name = Release;
		};
		5B71FBCA209DDEA0000D274F /* Debug */ = {
			isa = XCBuildConfiguration;
			buildSettings = {
				ALWAYS_EMBED_SWIFT_STANDARD_LIBRARIES = YES;
				CODE_SIGN_STYLE = Automatic;
				INFOPLIST_FILE = WiFiQRCodeKitTests/Info.plist;
				LD_RUNPATH_SEARCH_PATHS = (
					"$(inherited)",
					"@executable_path/Frameworks",
					"@loader_path/Frameworks",
				);
				PRODUCT_BUNDLE_IDENTIFIER = com.kuniwak.WiFiQRCodeKitTests;
				PRODUCT_NAME = "$(TARGET_NAME)";
				SWIFT_VERSION = 5.0;
				TARGETED_DEVICE_FAMILY = "1,2";
			};
			name = Debug;
		};
		5B71FBCB209DDEA0000D274F /* Release */ = {
			isa = XCBuildConfiguration;
			buildSettings = {
				ALWAYS_EMBED_SWIFT_STANDARD_LIBRARIES = YES;
				CODE_SIGN_STYLE = Automatic;
				INFOPLIST_FILE = WiFiQRCodeKitTests/Info.plist;
				LD_RUNPATH_SEARCH_PATHS = (
					"$(inherited)",
					"@executable_path/Frameworks",
					"@loader_path/Frameworks",
				);
				PRODUCT_BUNDLE_IDENTIFIER = com.kuniwak.WiFiQRCodeKitTests;
				PRODUCT_NAME = "$(TARGET_NAME)";
				SWIFT_VERSION = 5.0;
				TARGETED_DEVICE_FAMILY = "1,2";
			};
			name = Release;
		};
/* End XCBuildConfiguration section */

/* Begin XCConfigurationList section */
		5B71FBAC209DDEA0000D274F /* Build configuration list for PBXProject "WiFiQRCodeKit" */ = {
			isa = XCConfigurationList;
			buildConfigurations = (
				5B71FBC4209DDEA0000D274F /* Debug */,
				5B71FBC5209DDEA0000D274F /* Release */,
			);
			defaultConfigurationIsVisible = 0;
			defaultConfigurationName = Release;
		};
		5B71FBC6209DDEA0000D274F /* Build configuration list for PBXNativeTarget "WiFiQRCodeKit" */ = {
			isa = XCConfigurationList;
			buildConfigurations = (
				5B71FBC7209DDEA0000D274F /* Debug */,
				5B71FBC8209DDEA0000D274F /* Release */,
			);
			defaultConfigurationIsVisible = 0;
			defaultConfigurationName = Release;
		};
		5B71FBC9209DDEA0000D274F /* Build configuration list for PBXNativeTarget "WiFiQRCodeKitTests" */ = {
			isa = XCConfigurationList;
			buildConfigurations = (
				5B71FBCA209DDEA0000D274F /* Debug */,
				5B71FBCB209DDEA0000D274F /* Release */,
			);
			defaultConfigurationIsVisible = 0;
			defaultConfigurationName = Release;
		};
/* End XCConfigurationList section */
	};
	rootObject = 5B71FBA9209DDEA0000D274F /* Project object */;
}
